// !$*UTF8*$!
{
	archiveVersion = 1;
	classes = {
	};
	objectVersion = 51;
	objects = {

/* Begin PBXBuildFile section */
		01011F2824BB80620077534B /* FeedViewController.swift in Sources */ = {isa = PBXBuildFile; fileRef = 01011F2724BB80620077534B /* FeedViewController.swift */; };
		01011F2C24BB81810077534B /* ConfirmationViewController.swift in Sources */ = {isa = PBXBuildFile; fileRef = 01011F2B24BB81810077534B /* ConfirmationViewController.swift */; };
		01011F2D24BB81810077534B /* ConfirmationViewController.swift in Sources */ = {isa = PBXBuildFile; fileRef = 01011F2B24BB81810077534B /* ConfirmationViewController.swift */; };
		01011F2E24BB81810077534B /* ConfirmationViewController.swift in Sources */ = {isa = PBXBuildFile; fileRef = 01011F2B24BB81810077534B /* ConfirmationViewController.swift */; };
		011AEAA524C01F50008F7084 /* TapViewController.swift in Sources */ = {isa = PBXBuildFile; fileRef = 011AEAA424C01F50008F7084 /* TapViewController.swift */; };
		013425F024A94127000CA6D2 /* HealthKit.framework in Frameworks */ = {isa = PBXBuildFile; fileRef = 013425EF24A94127000CA6D2 /* HealthKit.framework */; };
		0138088A248C6C46003A9ECF /* HomeViewController.swift in Sources */ = {isa = PBXBuildFile; fileRef = 01380889248C6C46003A9ECF /* HomeViewController.swift */; };
		0138088B248C6C46003A9ECF /* HomeViewController.swift in Sources */ = {isa = PBXBuildFile; fileRef = 01380889248C6C46003A9ECF /* HomeViewController.swift */; };
		0138088C248C6C46003A9ECF /* HomeViewController.swift in Sources */ = {isa = PBXBuildFile; fileRef = 01380889248C6C46003A9ECF /* HomeViewController.swift */; };
		0138088E248C6C5D003A9ECF /* SignUpViewController.swift in Sources */ = {isa = PBXBuildFile; fileRef = 0138088D248C6C5D003A9ECF /* SignUpViewController.swift */; };
		0138088F248C6C5D003A9ECF /* SignUpViewController.swift in Sources */ = {isa = PBXBuildFile; fileRef = 0138088D248C6C5D003A9ECF /* SignUpViewController.swift */; };
		01380890248C6C5D003A9ECF /* SignUpViewController.swift in Sources */ = {isa = PBXBuildFile; fileRef = 0138088D248C6C5D003A9ECF /* SignUpViewController.swift */; };
		01380892248C6C6C003A9ECF /* LoginViewController.swift in Sources */ = {isa = PBXBuildFile; fileRef = 01380891248C6C6C003A9ECF /* LoginViewController.swift */; };
		01380893248C6C6C003A9ECF /* LoginViewController.swift in Sources */ = {isa = PBXBuildFile; fileRef = 01380891248C6C6C003A9ECF /* LoginViewController.swift */; };
		01380894248C6C6C003A9ECF /* LoginViewController.swift in Sources */ = {isa = PBXBuildFile; fileRef = 01380891248C6C6C003A9ECF /* LoginViewController.swift */; };
		015041CF24B28497005F4B15 /* UserViewController.swift in Sources */ = {isa = PBXBuildFile; fileRef = 015041CE24B28497005F4B15 /* UserViewController.swift */; };
		015041D024B28497005F4B15 /* UserViewController.swift in Sources */ = {isa = PBXBuildFile; fileRef = 015041CE24B28497005F4B15 /* UserViewController.swift */; };
		015041D124B28497005F4B15 /* UserViewController.swift in Sources */ = {isa = PBXBuildFile; fileRef = 015041CE24B28497005F4B15 /* UserViewController.swift */; };
		015041D324B28D37005F4B15 /* standardButton.swift in Sources */ = {isa = PBXBuildFile; fileRef = 015041D224B28D37005F4B15 /* standardButton.swift */; };
		015041D424B28D37005F4B15 /* standardButton.swift in Sources */ = {isa = PBXBuildFile; fileRef = 015041D224B28D37005F4B15 /* standardButton.swift */; };
		015041D524B28D37005F4B15 /* standardButton.swift in Sources */ = {isa = PBXBuildFile; fileRef = 015041D224B28D37005F4B15 /* standardButton.swift */; };
		015041D724B4CC5D005F4B15 /* UserButton.swift in Sources */ = {isa = PBXBuildFile; fileRef = 015041D624B4CC5D005F4B15 /* UserButton.swift */; };
		015041D824B4CC5D005F4B15 /* UserButton.swift in Sources */ = {isa = PBXBuildFile; fileRef = 015041D624B4CC5D005F4B15 /* UserButton.swift */; };
		015041D924B4CC5D005F4B15 /* UserButton.swift in Sources */ = {isa = PBXBuildFile; fileRef = 015041D624B4CC5D005F4B15 /* UserButton.swift */; };
		015DC2EB24D8D2FC003AF428 /* GoogleService-Info.plist in Resources */ = {isa = PBXBuildFile; fileRef = 015DC2EA24D8D2FC003AF428 /* GoogleService-Info.plist */; };
		015DC2EC24D8D2FC003AF428 /* GoogleService-Info.plist in Resources */ = {isa = PBXBuildFile; fileRef = 015DC2EA24D8D2FC003AF428 /* GoogleService-Info.plist */; };
		015DC2ED24D8D2FC003AF428 /* GoogleService-Info.plist in Resources */ = {isa = PBXBuildFile; fileRef = 015DC2EA24D8D2FC003AF428 /* GoogleService-Info.plist */; };
		01812DE624C0A38A00F92531 /* FakeFeedViewController.swift in Sources */ = {isa = PBXBuildFile; fileRef = 01812DE524C0A38A00F92531 /* FakeFeedViewController.swift */; };
		018D937424D089A700E0873C /* PostViewController.swift in Sources */ = {isa = PBXBuildFile; fileRef = 018D937324D089A700E0873C /* PostViewController.swift */; };
		0194EE922495222A00152EE0 /* customalbum.swift in Sources */ = {isa = PBXBuildFile; fileRef = 0194EE912495222A00152EE0 /* customalbum.swift */; };
		0194EE932495222A00152EE0 /* customalbum.swift in Sources */ = {isa = PBXBuildFile; fileRef = 0194EE912495222A00152EE0 /* customalbum.swift */; };
		0194EE942495222A00152EE0 /* customalbum.swift in Sources */ = {isa = PBXBuildFile; fileRef = 0194EE912495222A00152EE0 /* customalbum.swift */; };
		01983B4B24C0BDD900882883 /* ImageViewController.swift in Sources */ = {isa = PBXBuildFile; fileRef = 01983B4A24C0BDD900882883 /* ImageViewController.swift */; };
		01983B4C24C0BDD900882883 /* ImageViewController.swift in Sources */ = {isa = PBXBuildFile; fileRef = 01983B4A24C0BDD900882883 /* ImageViewController.swift */; };
		01983B4D24C0BDD900882883 /* ImageViewController.swift in Sources */ = {isa = PBXBuildFile; fileRef = 01983B4A24C0BDD900882883 /* ImageViewController.swift */; };
		01A3BE4524CB7238001425D6 /* User.swift in Sources */ = {isa = PBXBuildFile; fileRef = 01A3BE4424CB7238001425D6 /* User.swift */; };
		01A4584924DB441C008502A9 /* NSAttributedString.swift in Sources */ = {isa = PBXBuildFile; fileRef = 01A4584824DB441C008502A9 /* NSAttributedString.swift */; };
		01A4584B24E395A2008502A9 /* MainNavigationController.swift in Sources */ = {isa = PBXBuildFile; fileRef = 01A4584A24E395A2008502A9 /* MainNavigationController.swift */; };
		01C25ACC24CCD5E100BBEF68 /* Post.swift in Sources */ = {isa = PBXBuildFile; fileRef = 01C25ACB24CCD5E100BBEF68 /* Post.swift */; };
		01C30CF8248C703500CD40F6 /* Utilities.swift in Sources */ = {isa = PBXBuildFile; fileRef = 01C30CF7248C703500CD40F6 /* Utilities.swift */; };
		01C30CF9248C703500CD40F6 /* Utilities.swift in Sources */ = {isa = PBXBuildFile; fileRef = 01C30CF7248C703500CD40F6 /* Utilities.swift */; };
		01C30CFA248C703500CD40F6 /* Utilities.swift in Sources */ = {isa = PBXBuildFile; fileRef = 01C30CF7248C703500CD40F6 /* Utilities.swift */; };
		01D27CAA24D26D07002ED4AA /* RingProgressGroupButton.swift in Sources */ = {isa = PBXBuildFile; fileRef = 01D27CA924D26D07002ED4AA /* RingProgressGroupButton.swift */; };
		01D27CAE24D36647002ED4AA /* RingProgressGroupView.swift in Sources */ = {isa = PBXBuildFile; fileRef = 01D27CAD24D36647002ED4AA /* RingProgressGroupView.swift */; };
		01D27CB024D36851002ED4AA /* TestViewController.swift in Sources */ = {isa = PBXBuildFile; fileRef = 01D27CAF24D36851002ED4AA /* TestViewController.swift */; };
		01F55F97248C843F00104DAB /* Constants.swift in Sources */ = {isa = PBXBuildFile; fileRef = 01F55F96248C843F00104DAB /* Constants.swift */; };
		01F55F98248C843F00104DAB /* Constants.swift in Sources */ = {isa = PBXBuildFile; fileRef = 01F55F96248C843F00104DAB /* Constants.swift */; };
		01F55F99248C843F00104DAB /* Constants.swift in Sources */ = {isa = PBXBuildFile; fileRef = 01F55F96248C843F00104DAB /* Constants.swift */; };
		01FDDD9F24CCCF440032C23D /* Feed.storyboard in Resources */ = {isa = PBXBuildFile; fileRef = 01FDDD9E24CCCF440032C23D /* Feed.storyboard */; };
		01FDDDA024CCCF440032C23D /* Feed.storyboard in Resources */ = {isa = PBXBuildFile; fileRef = 01FDDD9E24CCCF440032C23D /* Feed.storyboard */; };
		01FDDDA124CCCF440032C23D /* Feed.storyboard in Resources */ = {isa = PBXBuildFile; fileRef = 01FDDD9E24CCCF440032C23D /* Feed.storyboard */; };
		01FDDDA924CCD00C0032C23D /* MealsViewController.swift in Sources */ = {isa = PBXBuildFile; fileRef = 01FDDDA824CCD00C0032C23D /* MealsViewController.swift */; };
		01FDDDAA24CCD00C0032C23D /* MealsViewController.swift in Sources */ = {isa = PBXBuildFile; fileRef = 01FDDDA824CCD00C0032C23D /* MealsViewController.swift */; };
		01FDDDAB24CCD00C0032C23D /* MealsViewController.swift in Sources */ = {isa = PBXBuildFile; fileRef = 01FDDDA824CCD00C0032C23D /* MealsViewController.swift */; };
		01FDDDAE24CCD32B0032C23D /* PostCell.swift in Sources */ = {isa = PBXBuildFile; fileRef = 01FDDDAD24CCD32B0032C23D /* PostCell.swift */; };
		01FDDDAF24CCD32B0032C23D /* PostCell.swift in Sources */ = {isa = PBXBuildFile; fileRef = 01FDDDAD24CCD32B0032C23D /* PostCell.swift */; };
		01FDDDB024CCD32B0032C23D /* PostCell.swift in Sources */ = {isa = PBXBuildFile; fileRef = 01FDDDAD24CCD32B0032C23D /* PostCell.swift */; };
		01FE2A4D248C699E005D5750 /* AppDelegate.swift in Sources */ = {isa = PBXBuildFile; fileRef = 01FE2A4C248C699E005D5750 /* AppDelegate.swift */; };
		01FE2A4F248C699E005D5750 /* SceneDelegate.swift in Sources */ = {isa = PBXBuildFile; fileRef = 01FE2A4E248C699E005D5750 /* SceneDelegate.swift */; };
		01FE2A51248C699E005D5750 /* ViewController.swift in Sources */ = {isa = PBXBuildFile; fileRef = 01FE2A50248C699E005D5750 /* ViewController.swift */; };
		01FE2A54248C699E005D5750 /* Main.storyboard in Resources */ = {isa = PBXBuildFile; fileRef = 01FE2A52248C699E005D5750 /* Main.storyboard */; };
		01FE2A56248C699F005D5750 /* Assets.xcassets in Resources */ = {isa = PBXBuildFile; fileRef = 01FE2A55248C699F005D5750 /* Assets.xcassets */; };
		01FE2A59248C699F005D5750 /* LaunchScreen.storyboard in Resources */ = {isa = PBXBuildFile; fileRef = 01FE2A57248C699F005D5750 /* LaunchScreen.storyboard */; };
		01FE2A64248C699F005D5750 /* macroplateTests.swift in Sources */ = {isa = PBXBuildFile; fileRef = 01FE2A63248C699F005D5750 /* macroplateTests.swift */; };
		01FE2A6F248C699F005D5750 /* macroplateUITests.swift in Sources */ = {isa = PBXBuildFile; fileRef = 01FE2A6E248C699F005D5750 /* macroplateUITests.swift */; };
		AA4684D88EB0D3976D629026 /* Pods_macroplateTests.framework in Frameworks */ = {isa = PBXBuildFile; fileRef = C658F026DFF565AF835E262A /* Pods_macroplateTests.framework */; };
		CA3503B7B2C2A7ABC7439817 /* Pods_macroplate_macroplateUITests.framework in Frameworks */ = {isa = PBXBuildFile; fileRef = 22B9E8A15607F08A41A54DED /* Pods_macroplate_macroplateUITests.framework */; };
		F6CBD2F4E8866EE5426B27D8 /* Pods_macroplate.framework in Frameworks */ = {isa = PBXBuildFile; fileRef = D29576AF6F0A262C3730D5D5 /* Pods_macroplate.framework */; };
/* End PBXBuildFile section */

/* Begin PBXContainerItemProxy section */
		01FE2A60248C699F005D5750 /* PBXContainerItemProxy */ = {
			isa = PBXContainerItemProxy;
			containerPortal = 01FE2A41248C699E005D5750 /* Project object */;
			proxyType = 1;
			remoteGlobalIDString = 01FE2A48248C699E005D5750;
			remoteInfo = macroplate;
		};
		01FE2A6B248C699F005D5750 /* PBXContainerItemProxy */ = {
			isa = PBXContainerItemProxy;
			containerPortal = 01FE2A41248C699E005D5750 /* Project object */;
			proxyType = 1;
			remoteGlobalIDString = 01FE2A48248C699E005D5750;
			remoteInfo = macroplate;
		};
/* End PBXContainerItemProxy section */

/* Begin PBXFileReference section */
		01011F2724BB80620077534B /* FeedViewController.swift */ = {isa = PBXFileReference; lastKnownFileType = sourcecode.swift; path = FeedViewController.swift; sourceTree = "<group>"; };
		01011F2B24BB81810077534B /* ConfirmationViewController.swift */ = {isa = PBXFileReference; lastKnownFileType = sourcecode.swift; path = ConfirmationViewController.swift; sourceTree = "<group>"; };
		011AEAA424C01F50008F7084 /* TapViewController.swift */ = {isa = PBXFileReference; lastKnownFileType = sourcecode.swift; path = TapViewController.swift; sourceTree = "<group>"; };
		013425EE24A94127000CA6D2 /* macroplate.entitlements */ = {isa = PBXFileReference; lastKnownFileType = text.plist.entitlements; path = macroplate.entitlements; sourceTree = "<group>"; };
		013425EF24A94127000CA6D2 /* HealthKit.framework */ = {isa = PBXFileReference; lastKnownFileType = wrapper.framework; name = HealthKit.framework; path = System/Library/Frameworks/HealthKit.framework; sourceTree = SDKROOT; };
		01380889248C6C46003A9ECF /* HomeViewController.swift */ = {isa = PBXFileReference; lastKnownFileType = sourcecode.swift; path = HomeViewController.swift; sourceTree = "<group>"; };
		0138088D248C6C5D003A9ECF /* SignUpViewController.swift */ = {isa = PBXFileReference; lastKnownFileType = sourcecode.swift; path = SignUpViewController.swift; sourceTree = "<group>"; };
		01380891248C6C6C003A9ECF /* LoginViewController.swift */ = {isa = PBXFileReference; lastKnownFileType = sourcecode.swift; path = LoginViewController.swift; sourceTree = "<group>"; };
		015041CE24B28497005F4B15 /* UserViewController.swift */ = {isa = PBXFileReference; lastKnownFileType = sourcecode.swift; path = UserViewController.swift; sourceTree = "<group>"; };
		015041D224B28D37005F4B15 /* standardButton.swift */ = {isa = PBXFileReference; lastKnownFileType = sourcecode.swift; path = standardButton.swift; sourceTree = "<group>"; };
		015041D624B4CC5D005F4B15 /* UserButton.swift */ = {isa = PBXFileReference; lastKnownFileType = sourcecode.swift; path = UserButton.swift; sourceTree = "<group>"; };
		015DC2EA24D8D2FC003AF428 /* GoogleService-Info.plist */ = {isa = PBXFileReference; fileEncoding = 4; lastKnownFileType = text.plist.xml; path = "GoogleService-Info.plist"; sourceTree = "<group>"; };
		01812DE524C0A38A00F92531 /* FakeFeedViewController.swift */ = {isa = PBXFileReference; lastKnownFileType = sourcecode.swift; path = FakeFeedViewController.swift; sourceTree = "<group>"; };
		018D937324D089A700E0873C /* PostViewController.swift */ = {isa = PBXFileReference; lastKnownFileType = sourcecode.swift; name = PostViewController.swift; path = macroplate/Storyboards/PostViewController.swift; sourceTree = SOURCE_ROOT; };
		0194EE912495222A00152EE0 /* customalbum.swift */ = {isa = PBXFileReference; lastKnownFileType = sourcecode.swift; path = customalbum.swift; sourceTree = "<group>"; };
		01983B4A24C0BDD900882883 /* ImageViewController.swift */ = {isa = PBXFileReference; lastKnownFileType = sourcecode.swift; path = ImageViewController.swift; sourceTree = "<group>"; };
		01A3BE4424CB7238001425D6 /* User.swift */ = {isa = PBXFileReference; lastKnownFileType = sourcecode.swift; path = User.swift; sourceTree = "<group>"; };
		01A4584824DB441C008502A9 /* NSAttributedString.swift */ = {isa = PBXFileReference; lastKnownFileType = sourcecode.swift; path = NSAttributedString.swift; sourceTree = "<group>"; };
		01A4584A24E395A2008502A9 /* MainNavigationController.swift */ = {isa = PBXFileReference; lastKnownFileType = sourcecode.swift; path = MainNavigationController.swift; sourceTree = "<group>"; };
		01C25ACB24CCD5E100BBEF68 /* Post.swift */ = {isa = PBXFileReference; lastKnownFileType = sourcecode.swift; path = Post.swift; sourceTree = "<group>"; };
		01C30CF7248C703500CD40F6 /* Utilities.swift */ = {isa = PBXFileReference; fileEncoding = 4; lastKnownFileType = sourcecode.swift; path = Utilities.swift; sourceTree = "<group>"; };
		01D27CA924D26D07002ED4AA /* RingProgressGroupButton.swift */ = {isa = PBXFileReference; lastKnownFileType = sourcecode.swift; name = RingProgressGroupButton.swift; path = macroplate/Controllers/Feed/RingProgressGroupButton.swift; sourceTree = SOURCE_ROOT; };
		01D27CAD24D36647002ED4AA /* RingProgressGroupView.swift */ = {isa = PBXFileReference; lastKnownFileType = sourcecode.swift; name = RingProgressGroupView.swift; path = /Users/eliseweimholt/Desktop/Xcode_Projects/macroplate/macroplate/Object/RingProgressGroupView.swift; sourceTree = "<absolute>"; };
		01D27CAF24D36851002ED4AA /* TestViewController.swift */ = {isa = PBXFileReference; lastKnownFileType = sourcecode.swift; path = TestViewController.swift; sourceTree = "<group>"; };
		01F55F96248C843F00104DAB /* Constants.swift */ = {isa = PBXFileReference; lastKnownFileType = sourcecode.swift; path = Constants.swift; sourceTree = "<group>"; };
		01FDDD9E24CCCF440032C23D /* Feed.storyboard */ = {isa = PBXFileReference; lastKnownFileType = file.storyboard; path = Feed.storyboard; sourceTree = "<group>"; };
		01FDDDA824CCD00C0032C23D /* MealsViewController.swift */ = {isa = PBXFileReference; lastKnownFileType = sourcecode.swift; path = MealsViewController.swift; sourceTree = "<group>"; };
		01FDDDAD24CCD32B0032C23D /* PostCell.swift */ = {isa = PBXFileReference; lastKnownFileType = sourcecode.swift; path = PostCell.swift; sourceTree = "<group>"; };
		01FE2A49248C699E005D5750 /* platemate.app */ = {isa = PBXFileReference; explicitFileType = wrapper.application; includeInIndex = 0; path = platemate.app; sourceTree = BUILT_PRODUCTS_DIR; };
		01FE2A4C248C699E005D5750 /* AppDelegate.swift */ = {isa = PBXFileReference; lastKnownFileType = sourcecode.swift; path = AppDelegate.swift; sourceTree = "<group>"; };
		01FE2A4E248C699E005D5750 /* SceneDelegate.swift */ = {isa = PBXFileReference; lastKnownFileType = sourcecode.swift; path = SceneDelegate.swift; sourceTree = "<group>"; };
		01FE2A50248C699E005D5750 /* ViewController.swift */ = {isa = PBXFileReference; lastKnownFileType = sourcecode.swift; path = ViewController.swift; sourceTree = "<group>"; };
		01FE2A53248C699E005D5750 /* Base */ = {isa = PBXFileReference; lastKnownFileType = file.storyboard; name = Base; path = Base.lproj/Main.storyboard; sourceTree = "<group>"; };
		01FE2A55248C699F005D5750 /* Assets.xcassets */ = {isa = PBXFileReference; lastKnownFileType = folder.assetcatalog; path = Assets.xcassets; sourceTree = "<group>"; };
		01FE2A58248C699F005D5750 /* Base */ = {isa = PBXFileReference; lastKnownFileType = file.storyboard; name = Base; path = Base.lproj/LaunchScreen.storyboard; sourceTree = "<group>"; };
		01FE2A5A248C699F005D5750 /* Info.plist */ = {isa = PBXFileReference; lastKnownFileType = text.plist.xml; path = Info.plist; sourceTree = "<group>"; };
		01FE2A5F248C699F005D5750 /* macroplateTests.xctest */ = {isa = PBXFileReference; explicitFileType = wrapper.cfbundle; includeInIndex = 0; path = macroplateTests.xctest; sourceTree = BUILT_PRODUCTS_DIR; };
		01FE2A63248C699F005D5750 /* macroplateTests.swift */ = {isa = PBXFileReference; lastKnownFileType = sourcecode.swift; path = macroplateTests.swift; sourceTree = "<group>"; };
		01FE2A65248C699F005D5750 /* Info.plist */ = {isa = PBXFileReference; lastKnownFileType = text.plist.xml; path = Info.plist; sourceTree = "<group>"; };
		01FE2A6A248C699F005D5750 /* macroplateUITests.xctest */ = {isa = PBXFileReference; explicitFileType = wrapper.cfbundle; includeInIndex = 0; path = macroplateUITests.xctest; sourceTree = BUILT_PRODUCTS_DIR; };
		01FE2A6E248C699F005D5750 /* macroplateUITests.swift */ = {isa = PBXFileReference; lastKnownFileType = sourcecode.swift; path = macroplateUITests.swift; sourceTree = "<group>"; };
		01FE2A70248C699F005D5750 /* Info.plist */ = {isa = PBXFileReference; lastKnownFileType = text.plist.xml; path = Info.plist; sourceTree = "<group>"; };
		22B9E8A15607F08A41A54DED /* Pods_macroplate_macroplateUITests.framework */ = {isa = PBXFileReference; explicitFileType = wrapper.framework; includeInIndex = 0; path = Pods_macroplate_macroplateUITests.framework; sourceTree = BUILT_PRODUCTS_DIR; };
		29473639E1F6C642D4A8CFB4 /* Pods-macroplateTests.release.xcconfig */ = {isa = PBXFileReference; includeInIndex = 1; lastKnownFileType = text.xcconfig; name = "Pods-macroplateTests.release.xcconfig"; path = "Target Support Files/Pods-macroplateTests/Pods-macroplateTests.release.xcconfig"; sourceTree = "<group>"; };
		32570880911E43390EF07F90 /* Pods-macroplateTests.debug.xcconfig */ = {isa = PBXFileReference; includeInIndex = 1; lastKnownFileType = text.xcconfig; name = "Pods-macroplateTests.debug.xcconfig"; path = "Target Support Files/Pods-macroplateTests/Pods-macroplateTests.debug.xcconfig"; sourceTree = "<group>"; };
		330D06C81FEF543C69D9D200 /* Pods-macroplate.release.xcconfig */ = {isa = PBXFileReference; includeInIndex = 1; lastKnownFileType = text.xcconfig; name = "Pods-macroplate.release.xcconfig"; path = "Target Support Files/Pods-macroplate/Pods-macroplate.release.xcconfig"; sourceTree = "<group>"; };
		4AF6AEB394C1C314C5F39736 /* Pods-macroplate-macroplateUITests.release.xcconfig */ = {isa = PBXFileReference; includeInIndex = 1; lastKnownFileType = text.xcconfig; name = "Pods-macroplate-macroplateUITests.release.xcconfig"; path = "Target Support Files/Pods-macroplate-macroplateUITests/Pods-macroplate-macroplateUITests.release.xcconfig"; sourceTree = "<group>"; };
		7AD35AA160AB061B00E69646 /* Pods-macroplate-macroplateUITests.debug.xcconfig */ = {isa = PBXFileReference; includeInIndex = 1; lastKnownFileType = text.xcconfig; name = "Pods-macroplate-macroplateUITests.debug.xcconfig"; path = "Target Support Files/Pods-macroplate-macroplateUITests/Pods-macroplate-macroplateUITests.debug.xcconfig"; sourceTree = "<group>"; };
		C658F026DFF565AF835E262A /* Pods_macroplateTests.framework */ = {isa = PBXFileReference; explicitFileType = wrapper.framework; includeInIndex = 0; path = Pods_macroplateTests.framework; sourceTree = BUILT_PRODUCTS_DIR; };
		D29576AF6F0A262C3730D5D5 /* Pods_macroplate.framework */ = {isa = PBXFileReference; explicitFileType = wrapper.framework; includeInIndex = 0; path = Pods_macroplate.framework; sourceTree = BUILT_PRODUCTS_DIR; };
		F475E2B296230FCE243441E9 /* Pods-macroplate.debug.xcconfig */ = {isa = PBXFileReference; includeInIndex = 1; lastKnownFileType = text.xcconfig; name = "Pods-macroplate.debug.xcconfig"; path = "Target Support Files/Pods-macroplate/Pods-macroplate.debug.xcconfig"; sourceTree = "<group>"; };
/* End PBXFileReference section */

/* Begin PBXFrameworksBuildPhase section */
		01FE2A46248C699E005D5750 /* Frameworks */ = {
			isa = PBXFrameworksBuildPhase;
			buildActionMask = 2147483647;
			files = (
				F6CBD2F4E8866EE5426B27D8 /* Pods_macroplate.framework in Frameworks */,
				013425F024A94127000CA6D2 /* HealthKit.framework in Frameworks */,
			);
			runOnlyForDeploymentPostprocessing = 0;
		};
		01FE2A5C248C699F005D5750 /* Frameworks */ = {
			isa = PBXFrameworksBuildPhase;
			buildActionMask = 2147483647;
			files = (
				AA4684D88EB0D3976D629026 /* Pods_macroplateTests.framework in Frameworks */,
			);
			runOnlyForDeploymentPostprocessing = 0;
		};
		01FE2A67248C699F005D5750 /* Frameworks */ = {
			isa = PBXFrameworksBuildPhase;
			buildActionMask = 2147483647;
			files = (
				CA3503B7B2C2A7ABC7439817 /* Pods_macroplate_macroplateUITests.framework in Frameworks */,
			);
			runOnlyForDeploymentPostprocessing = 0;
		};
/* End PBXFrameworksBuildPhase section */

/* Begin PBXGroup section */
		01380895248C6C72003A9ECF /* Controllers */ = {
			isa = PBXGroup;
			children = (
				01FDDDA724CCCFCD0032C23D /* Feed */,
				01FDDDA624CCCFB50032C23D /* Main */,
			);
			path = Controllers;
			sourceTree = "<group>";
		};
		01983B4F24CB3E4600882883 /* Extensions */ = {
			isa = PBXGroup;
			children = (
			);
			path = Extensions;
			sourceTree = "<group>";
		};
		01983B5024CB3E5500882883 /* Models */ = {
			isa = PBXGroup;
			children = (
				01A3BE4424CB7238001425D6 /* User.swift */,
				01C25ACB24CCD5E100BBEF68 /* Post.swift */,
			);
			path = Models;
			sourceTree = "<group>";
		};
		01983B5124CB3E6300882883 /* Services */ = {
			isa = PBXGroup;
			children = (
			);
			path = Services;
			sourceTree = "<group>";
		};
		01983B5224CB3E7100882883 /* Storyboards */ = {
			isa = PBXGroup;
			children = (
				01FE2A52248C699E005D5750 /* Main.storyboard */,
				01A4584A24E395A2008502A9 /* MainNavigationController.swift */,
				01FE2A57248C699F005D5750 /* LaunchScreen.storyboard */,
				01FDDD9E24CCCF440032C23D /* Feed.storyboard */,
			);
			path = Storyboards;
			sourceTree = "<group>";
		};
		01983B5324CB3E8300882883 /* Supporting Files */ = {
			isa = PBXGroup;
			children = (
			);
			path = "Supporting Files";
			sourceTree = "<group>";
		};
		01983B5424CB3E8B00882883 /* Views */ = {
			isa = PBXGroup;
			children = (
			);
			path = Views;
			sourceTree = "<group>";
		};
		01A4584C24E39A8D008502A9 /* demos */ = {
			isa = PBXGroup;
			children = (
				01812DE524C0A38A00F92531 /* FakeFeedViewController.swift */,
				01011F2724BB80620077534B /* FeedViewController.swift */,
				011AEAA424C01F50008F7084 /* TapViewController.swift */,
			);
			path = demos;
			sourceTree = "<group>";
		};
		01C25ACA24CCD5CB00BBEF68 /* Object */ = {
			isa = PBXGroup;
			children = (
				01D27CAD24D36647002ED4AA /* RingProgressGroupView.swift */,
				01D27CA924D26D07002ED4AA /* RingProgressGroupButton.swift */,
			);
			path = Object;
			sourceTree = "<group>";
		};
		01C30CFB248C703A00CD40F6 /* Helpers */ = {
			isa = PBXGroup;
			children = (
				01C30CF7248C703500CD40F6 /* Utilities.swift */,
				01F55F96248C843F00104DAB /* Constants.swift */,
			);
			path = Helpers;
			sourceTree = "<group>";
		};
		01FDDDA624CCCFB50032C23D /* Main */ = {
			isa = PBXGroup;
			children = (
				01380889248C6C46003A9ECF /* HomeViewController.swift */,
				0138088D248C6C5D003A9ECF /* SignUpViewController.swift */,
				01380891248C6C6C003A9ECF /* LoginViewController.swift */,
				01FE2A50248C699E005D5750 /* ViewController.swift */,
				015041CE24B28497005F4B15 /* UserViewController.swift */,
				01011F2B24BB81810077534B /* ConfirmationViewController.swift */,
				01983B4A24C0BDD900882883 /* ImageViewController.swift */,
				01A4584C24E39A8D008502A9 /* demos */,
			);
			path = Main;
			sourceTree = "<group>";
		};
		01FDDDA724CCCFCD0032C23D /* Feed */ = {
			isa = PBXGroup;
			children = (
				018D937324D089A700E0873C /* PostViewController.swift */,
				01FDDDA824CCD00C0032C23D /* MealsViewController.swift */,
				01D27CAF24D36851002ED4AA /* TestViewController.swift */,
			);
			path = Feed;
			sourceTree = "<group>";
		};
		01FDDDAC24CCD3060032C23D /* Custom Cell */ = {
			isa = PBXGroup;
			children = (
				01FDDDAD24CCD32B0032C23D /* PostCell.swift */,
			);
			path = "Custom Cell";
			sourceTree = "<group>";
		};
		01FE2A40248C699E005D5750 = {
			isa = PBXGroup;
			children = (
				01FE2A4B248C699E005D5750 /* macroplate */,
				01FE2A62248C699F005D5750 /* macroplateTests */,
				01FE2A6D248C699F005D5750 /* macroplateUITests */,
				01FE2A4A248C699E005D5750 /* Products */,
				41526F7E444C41A1E2296B93 /* Pods */,
				FC423EC58E8B396EDA3DE880 /* Frameworks */,
			);
			sourceTree = "<group>";
		};
		01FE2A4A248C699E005D5750 /* Products */ = {
			isa = PBXGroup;
			children = (
				01FE2A49248C699E005D5750 /* platemate.app */,
				01FE2A5F248C699F005D5750 /* macroplateTests.xctest */,
				01FE2A6A248C699F005D5750 /* macroplateUITests.xctest */,
			);
			name = Products;
			sourceTree = "<group>";
		};
		01FE2A4B248C699E005D5750 /* macroplate */ = {
			isa = PBXGroup;
			children = (
				01C25ACA24CCD5CB00BBEF68 /* Object */,
				01FDDDAC24CCD3060032C23D /* Custom Cell */,
				01983B5124CB3E6300882883 /* Services */,
				01983B5024CB3E5500882883 /* Models */,
				01380895248C6C72003A9ECF /* Controllers */,
				01983B5424CB3E8B00882883 /* Views */,
				01C30CFB248C703A00CD40F6 /* Helpers */,
				01983B5224CB3E7100882883 /* Storyboards */,
				01FE2A55248C699F005D5750 /* Assets.xcassets */,
				01983B4F24CB3E4600882883 /* Extensions */,
				01983B5324CB3E8300882883 /* Supporting Files */,
				015041D224B28D37005F4B15 /* standardButton.swift */,
				01A4584824DB441C008502A9 /* NSAttributedString.swift */,
				015041D624B4CC5D005F4B15 /* UserButton.swift */,
				013425EE24A94127000CA6D2 /* macroplate.entitlements */,
				0194EE912495222A00152EE0 /* customalbum.swift */,
				015DC2EA24D8D2FC003AF428 /* GoogleService-Info.plist */,
				01FE2A4C248C699E005D5750 /* AppDelegate.swift */,
				01FE2A5A248C699F005D5750 /* Info.plist */,
				01FE2A4E248C699E005D5750 /* SceneDelegate.swift */,
			);
			path = macroplate;
			sourceTree = "<group>";
		};
		01FE2A62248C699F005D5750 /* macroplateTests */ = {
			isa = PBXGroup;
			children = (
				01FE2A63248C699F005D5750 /* macroplateTests.swift */,
				01FE2A65248C699F005D5750 /* Info.plist */,
			);
			path = macroplateTests;
			sourceTree = "<group>";
		};
		01FE2A6D248C699F005D5750 /* macroplateUITests */ = {
			isa = PBXGroup;
			children = (
				01FE2A6E248C699F005D5750 /* macroplateUITests.swift */,
				01FE2A70248C699F005D5750 /* Info.plist */,
			);
			path = macroplateUITests;
			sourceTree = "<group>";
		};
		41526F7E444C41A1E2296B93 /* Pods */ = {
			isa = PBXGroup;
			children = (
				F475E2B296230FCE243441E9 /* Pods-macroplate.debug.xcconfig */,
				330D06C81FEF543C69D9D200 /* Pods-macroplate.release.xcconfig */,
				7AD35AA160AB061B00E69646 /* Pods-macroplate-macroplateUITests.debug.xcconfig */,
				4AF6AEB394C1C314C5F39736 /* Pods-macroplate-macroplateUITests.release.xcconfig */,
				32570880911E43390EF07F90 /* Pods-macroplateTests.debug.xcconfig */,
				29473639E1F6C642D4A8CFB4 /* Pods-macroplateTests.release.xcconfig */,
			);
			path = Pods;
			sourceTree = "<group>";
		};
		FC423EC58E8B396EDA3DE880 /* Frameworks */ = {
			isa = PBXGroup;
			children = (
				013425EF24A94127000CA6D2 /* HealthKit.framework */,
				D29576AF6F0A262C3730D5D5 /* Pods_macroplate.framework */,
				22B9E8A15607F08A41A54DED /* Pods_macroplate_macroplateUITests.framework */,
				C658F026DFF565AF835E262A /* Pods_macroplateTests.framework */,
			);
			name = Frameworks;
			sourceTree = "<group>";
		};
/* End PBXGroup section */

/* Begin PBXNativeTarget section */
		01FE2A48248C699E005D5750 /* macroplate */ = {
			isa = PBXNativeTarget;
			buildConfigurationList = 01FE2A73248C699F005D5750 /* Build configuration list for PBXNativeTarget "macroplate" */;
			buildPhases = (
				7DDD83E8756B0711C59653DE /* [CP] Check Pods Manifest.lock */,
				01FE2A45248C699E005D5750 /* Sources */,
				01FE2A46248C699E005D5750 /* Frameworks */,
				01FE2A47248C699E005D5750 /* Resources */,
				EF319062BEBAD5D44DC498A0 /* [CP] Embed Pods Frameworks */,
				A382FBEBB95976FF971A39E6 /* [CP] Copy Pods Resources */,
			);
			buildRules = (
			);
			dependencies = (
			);
			name = macroplate;
			productName = macroplate;
			productReference = 01FE2A49248C699E005D5750 /* platemate.app */;
			productType = "com.apple.product-type.application";
		};
		01FE2A5E248C699F005D5750 /* macroplateTests */ = {
			isa = PBXNativeTarget;
			buildConfigurationList = 01FE2A76248C699F005D5750 /* Build configuration list for PBXNativeTarget "macroplateTests" */;
			buildPhases = (
				1E5BC1582C4589933CFE854C /* [CP] Check Pods Manifest.lock */,
				01FE2A5B248C699F005D5750 /* Sources */,
				01FE2A5C248C699F005D5750 /* Frameworks */,
				01FE2A5D248C699F005D5750 /* Resources */,
			);
			buildRules = (
			);
			dependencies = (
				01FE2A61248C699F005D5750 /* PBXTargetDependency */,
			);
			name = macroplateTests;
			productName = macroplateTests;
			productReference = 01FE2A5F248C699F005D5750 /* macroplateTests.xctest */;
			productType = "com.apple.product-type.bundle.unit-test";
		};
		01FE2A69248C699F005D5750 /* macroplateUITests */ = {
			isa = PBXNativeTarget;
			buildConfigurationList = 01FE2A79248C699F005D5750 /* Build configuration list for PBXNativeTarget "macroplateUITests" */;
			buildPhases = (
				8C4A2F8D3965514F6D48708B /* [CP] Check Pods Manifest.lock */,
				01FE2A66248C699F005D5750 /* Sources */,
				01FE2A67248C699F005D5750 /* Frameworks */,
				01FE2A68248C699F005D5750 /* Resources */,
				727D9417A61CAAF3838E169F /* [CP] Embed Pods Frameworks */,
				3CF2C757965D792062A35A09 /* [CP] Copy Pods Resources */,
			);
			buildRules = (
			);
			dependencies = (
				01FE2A6C248C699F005D5750 /* PBXTargetDependency */,
			);
			name = macroplateUITests;
			productName = macroplateUITests;
			productReference = 01FE2A6A248C699F005D5750 /* macroplateUITests.xctest */;
			productType = "com.apple.product-type.bundle.ui-testing";
		};
/* End PBXNativeTarget section */

/* Begin PBXProject section */
		01FE2A41248C699E005D5750 /* Project object */ = {
			isa = PBXProject;
			attributes = {
				LastSwiftUpdateCheck = 1150;
				LastUpgradeCheck = 1150;
				ORGANIZATIONNAME = "Elise Weimholt";
				TargetAttributes = {
					01FE2A48248C699E005D5750 = {
						CreatedOnToolsVersion = 11.5;
					};
					01FE2A5E248C699F005D5750 = {
						CreatedOnToolsVersion = 11.5;
						TestTargetID = 01FE2A48248C699E005D5750;
					};
					01FE2A69248C699F005D5750 = {
						CreatedOnToolsVersion = 11.5;
						TestTargetID = 01FE2A48248C699E005D5750;
					};
				};
			};
			buildConfigurationList = 01FE2A44248C699E005D5750 /* Build configuration list for PBXProject "macroplate" */;
			compatibilityVersion = "Xcode 9.3";
			developmentRegion = en;
			hasScannedForEncodings = 0;
			knownRegions = (
				en,
				Base,
			);
			mainGroup = 01FE2A40248C699E005D5750;
			productRefGroup = 01FE2A4A248C699E005D5750 /* Products */;
			projectDirPath = "";
			projectRoot = "";
			targets = (
				01FE2A48248C699E005D5750 /* macroplate */,
				01FE2A5E248C699F005D5750 /* macroplateTests */,
				01FE2A69248C699F005D5750 /* macroplateUITests */,
			);
		};
/* End PBXProject section */

/* Begin PBXResourcesBuildPhase section */
		01FE2A47248C699E005D5750 /* Resources */ = {
			isa = PBXResourcesBuildPhase;
			buildActionMask = 2147483647;
			files = (
				01FDDD9F24CCCF440032C23D /* Feed.storyboard in Resources */,
				01FE2A59248C699F005D5750 /* LaunchScreen.storyboard in Resources */,
				015DC2EB24D8D2FC003AF428 /* GoogleService-Info.plist in Resources */,
				01FE2A56248C699F005D5750 /* Assets.xcassets in Resources */,
				01FE2A54248C699E005D5750 /* Main.storyboard in Resources */,
			);
			runOnlyForDeploymentPostprocessing = 0;
		};
		01FE2A5D248C699F005D5750 /* Resources */ = {
			isa = PBXResourcesBuildPhase;
			buildActionMask = 2147483647;
			files = (
				01FDDDA024CCCF440032C23D /* Feed.storyboard in Resources */,
				015DC2EC24D8D2FC003AF428 /* GoogleService-Info.plist in Resources */,
			);
			runOnlyForDeploymentPostprocessing = 0;
		};
		01FE2A68248C699F005D5750 /* Resources */ = {
			isa = PBXResourcesBuildPhase;
			buildActionMask = 2147483647;
			files = (
				01FDDDA124CCCF440032C23D /* Feed.storyboard in Resources */,
				015DC2ED24D8D2FC003AF428 /* GoogleService-Info.plist in Resources */,
			);
			runOnlyForDeploymentPostprocessing = 0;
		};
/* End PBXResourcesBuildPhase section */

/* Begin PBXShellScriptBuildPhase section */
		1E5BC1582C4589933CFE854C /* [CP] Check Pods Manifest.lock */ = {
			isa = PBXShellScriptBuildPhase;
			buildActionMask = 2147483647;
			files = (
			);
			inputFileListPaths = (
			);
			inputPaths = (
				"${PODS_PODFILE_DIR_PATH}/Podfile.lock",
				"${PODS_ROOT}/Manifest.lock",
			);
			name = "[CP] Check Pods Manifest.lock";
			outputFileListPaths = (
			);
			outputPaths = (
				"$(DERIVED_FILE_DIR)/Pods-macroplateTests-checkManifestLockResult.txt",
			);
			runOnlyForDeploymentPostprocessing = 0;
			shellPath = /bin/sh;
			shellScript = "diff \"${PODS_PODFILE_DIR_PATH}/Podfile.lock\" \"${PODS_ROOT}/Manifest.lock\" > /dev/null\nif [ $? != 0 ] ; then\n    # print error to STDERR\n    echo \"error: The sandbox is not in sync with the Podfile.lock. Run 'pod install' or update your CocoaPods installation.\" >&2\n    exit 1\nfi\n# This output is used by Xcode 'outputs' to avoid re-running this script phase.\necho \"SUCCESS\" > \"${SCRIPT_OUTPUT_FILE_0}\"\n";
			showEnvVarsInLog = 0;
		};
		3CF2C757965D792062A35A09 /* [CP] Copy Pods Resources */ = {
			isa = PBXShellScriptBuildPhase;
			buildActionMask = 2147483647;
			files = (
			);
			inputFileListPaths = (
				"${PODS_ROOT}/Target Support Files/Pods-macroplate-macroplateUITests/Pods-macroplate-macroplateUITests-resources-${CONFIGURATION}-input-files.xcfilelist",
			);
			name = "[CP] Copy Pods Resources";
			outputFileListPaths = (
				"${PODS_ROOT}/Target Support Files/Pods-macroplate-macroplateUITests/Pods-macroplate-macroplateUITests-resources-${CONFIGURATION}-output-files.xcfilelist",
			);
			runOnlyForDeploymentPostprocessing = 0;
			shellPath = /bin/sh;
			shellScript = "\"${PODS_ROOT}/Target Support Files/Pods-macroplate-macroplateUITests/Pods-macroplate-macroplateUITests-resources.sh\"\n";
			showEnvVarsInLog = 0;
		};
		727D9417A61CAAF3838E169F /* [CP] Embed Pods Frameworks */ = {
			isa = PBXShellScriptBuildPhase;
			buildActionMask = 2147483647;
			files = (
			);
			inputFileListPaths = (
				"${PODS_ROOT}/Target Support Files/Pods-macroplate-macroplateUITests/Pods-macroplate-macroplateUITests-frameworks-${CONFIGURATION}-input-files.xcfilelist",
			);
			name = "[CP] Embed Pods Frameworks";
			outputFileListPaths = (
				"${PODS_ROOT}/Target Support Files/Pods-macroplate-macroplateUITests/Pods-macroplate-macroplateUITests-frameworks-${CONFIGURATION}-output-files.xcfilelist",
			);
			runOnlyForDeploymentPostprocessing = 0;
			shellPath = /bin/sh;
			shellScript = "\"${PODS_ROOT}/Target Support Files/Pods-macroplate-macroplateUITests/Pods-macroplate-macroplateUITests-frameworks.sh\"\n";
			showEnvVarsInLog = 0;
		};
		7DDD83E8756B0711C59653DE /* [CP] Check Pods Manifest.lock */ = {
			isa = PBXShellScriptBuildPhase;
			buildActionMask = 2147483647;
			files = (
			);
			inputFileListPaths = (
			);
			inputPaths = (
				"${PODS_PODFILE_DIR_PATH}/Podfile.lock",
				"${PODS_ROOT}/Manifest.lock",
			);
			name = "[CP] Check Pods Manifest.lock";
			outputFileListPaths = (
			);
			outputPaths = (
				"$(DERIVED_FILE_DIR)/Pods-macroplate-checkManifestLockResult.txt",
			);
			runOnlyForDeploymentPostprocessing = 0;
			shellPath = /bin/sh;
			shellScript = "diff \"${PODS_PODFILE_DIR_PATH}/Podfile.lock\" \"${PODS_ROOT}/Manifest.lock\" > /dev/null\nif [ $? != 0 ] ; then\n    # print error to STDERR\n    echo \"error: The sandbox is not in sync with the Podfile.lock. Run 'pod install' or update your CocoaPods installation.\" >&2\n    exit 1\nfi\n# This output is used by Xcode 'outputs' to avoid re-running this script phase.\necho \"SUCCESS\" > \"${SCRIPT_OUTPUT_FILE_0}\"\n";
			showEnvVarsInLog = 0;
		};
		8C4A2F8D3965514F6D48708B /* [CP] Check Pods Manifest.lock */ = {
			isa = PBXShellScriptBuildPhase;
			buildActionMask = 2147483647;
			files = (
			);
			inputFileListPaths = (
			);
			inputPaths = (
				"${PODS_PODFILE_DIR_PATH}/Podfile.lock",
				"${PODS_ROOT}/Manifest.lock",
			);
			name = "[CP] Check Pods Manifest.lock";
			outputFileListPaths = (
			);
			outputPaths = (
				"$(DERIVED_FILE_DIR)/Pods-macroplate-macroplateUITests-checkManifestLockResult.txt",
			);
			runOnlyForDeploymentPostprocessing = 0;
			shellPath = /bin/sh;
			shellScript = "diff \"${PODS_PODFILE_DIR_PATH}/Podfile.lock\" \"${PODS_ROOT}/Manifest.lock\" > /dev/null\nif [ $? != 0 ] ; then\n    # print error to STDERR\n    echo \"error: The sandbox is not in sync with the Podfile.lock. Run 'pod install' or update your CocoaPods installation.\" >&2\n    exit 1\nfi\n# This output is used by Xcode 'outputs' to avoid re-running this script phase.\necho \"SUCCESS\" > \"${SCRIPT_OUTPUT_FILE_0}\"\n";
			showEnvVarsInLog = 0;
		};
		A382FBEBB95976FF971A39E6 /* [CP] Copy Pods Resources */ = {
			isa = PBXShellScriptBuildPhase;
			buildActionMask = 2147483647;
			files = (
			);
			inputFileListPaths = (
				"${PODS_ROOT}/Target Support Files/Pods-macroplate/Pods-macroplate-resources-${CONFIGURATION}-input-files.xcfilelist",
			);
			name = "[CP] Copy Pods Resources";
			outputFileListPaths = (
				"${PODS_ROOT}/Target Support Files/Pods-macroplate/Pods-macroplate-resources-${CONFIGURATION}-output-files.xcfilelist",
			);
			runOnlyForDeploymentPostprocessing = 0;
			shellPath = /bin/sh;
			shellScript = "\"${PODS_ROOT}/Target Support Files/Pods-macroplate/Pods-macroplate-resources.sh\"\n";
			showEnvVarsInLog = 0;
		};
		EF319062BEBAD5D44DC498A0 /* [CP] Embed Pods Frameworks */ = {
			isa = PBXShellScriptBuildPhase;
			buildActionMask = 2147483647;
			files = (
			);
			inputFileListPaths = (
				"${PODS_ROOT}/Target Support Files/Pods-macroplate/Pods-macroplate-frameworks-${CONFIGURATION}-input-files.xcfilelist",
			);
			name = "[CP] Embed Pods Frameworks";
			outputFileListPaths = (
				"${PODS_ROOT}/Target Support Files/Pods-macroplate/Pods-macroplate-frameworks-${CONFIGURATION}-output-files.xcfilelist",
			);
			runOnlyForDeploymentPostprocessing = 0;
			shellPath = /bin/sh;
			shellScript = "\"${PODS_ROOT}/Target Support Files/Pods-macroplate/Pods-macroplate-frameworks.sh\"\n";
			showEnvVarsInLog = 0;
		};
/* End PBXShellScriptBuildPhase section */

/* Begin PBXSourcesBuildPhase section */
		01FE2A45248C699E005D5750 /* Sources */ = {
			isa = PBXSourcesBuildPhase;
			buildActionMask = 2147483647;
			files = (
				01A4584B24E395A2008502A9 /* MainNavigationController.swift in Sources */,
				01380892248C6C6C003A9ECF /* LoginViewController.swift in Sources */,
				01FDDDA924CCD00C0032C23D /* MealsViewController.swift in Sources */,
				0194EE922495222A00152EE0 /* customalbum.swift in Sources */,
				015041CF24B28497005F4B15 /* UserViewController.swift in Sources */,
				015041D324B28D37005F4B15 /* standardButton.swift in Sources */,
				01FE2A51248C699E005D5750 /* ViewController.swift in Sources */,
				01812DE624C0A38A00F92531 /* FakeFeedViewController.swift in Sources */,
				011AEAA524C01F50008F7084 /* TapViewController.swift in Sources */,
				01011F2824BB80620077534B /* FeedViewController.swift in Sources */,
				01C30CF8248C703500CD40F6 /* Utilities.swift in Sources */,
				01D27CB024D36851002ED4AA /* TestViewController.swift in Sources */,
				018D937424D089A700E0873C /* PostViewController.swift in Sources */,
				01D27CAE24D36647002ED4AA /* RingProgressGroupView.swift in Sources */,
				01983B4B24C0BDD900882883 /* ImageViewController.swift in Sources */,
				01FE2A4D248C699E005D5750 /* AppDelegate.swift in Sources */,
				01C25ACC24CCD5E100BBEF68 /* Post.swift in Sources */,
				01011F2C24BB81810077534B /* ConfirmationViewController.swift in Sources */,
				01A4584924DB441C008502A9 /* NSAttributedString.swift in Sources */,
				01FE2A4F248C699E005D5750 /* SceneDelegate.swift in Sources */,
				0138088A248C6C46003A9ECF /* HomeViewController.swift in Sources */,
				01A3BE4524CB7238001425D6 /* User.swift in Sources */,
				01D27CAA24D26D07002ED4AA /* RingProgressGroupButton.swift in Sources */,
				015041D724B4CC5D005F4B15 /* UserButton.swift in Sources */,
				0138088E248C6C5D003A9ECF /* SignUpViewController.swift in Sources */,
				01F55F97248C843F00104DAB /* Constants.swift in Sources */,
				01FDDDAE24CCD32B0032C23D /* PostCell.swift in Sources */,
			);
			runOnlyForDeploymentPostprocessing = 0;
		};
		01FE2A5B248C699F005D5750 /* Sources */ = {
			isa = PBXSourcesBuildPhase;
			buildActionMask = 2147483647;
			files = (
				01380893248C6C6C003A9ECF /* LoginViewController.swift in Sources */,
				015041D024B28497005F4B15 /* UserViewController.swift in Sources */,
				0138088F248C6C5D003A9ECF /* SignUpViewController.swift in Sources */,
				01FE2A64248C699F005D5750 /* macroplateTests.swift in Sources */,
				015041D424B28D37005F4B15 /* standardButton.swift in Sources */,
				01C30CF9248C703500CD40F6 /* Utilities.swift in Sources */,
				0138088B248C6C46003A9ECF /* HomeViewController.swift in Sources */,
				0194EE932495222A00152EE0 /* customalbum.swift in Sources */,
				01F55F98248C843F00104DAB /* Constants.swift in Sources */,
				01983B4C24C0BDD900882883 /* ImageViewController.swift in Sources */,
				01FDDDAA24CCD00C0032C23D /* MealsViewController.swift in Sources */,
				01011F2D24BB81810077534B /* ConfirmationViewController.swift in Sources */,
				015041D824B4CC5D005F4B15 /* UserButton.swift in Sources */,
				01FDDDAF24CCD32B0032C23D /* PostCell.swift in Sources */,
			);
			runOnlyForDeploymentPostprocessing = 0;
		};
		01FE2A66248C699F005D5750 /* Sources */ = {
			isa = PBXSourcesBuildPhase;
			buildActionMask = 2147483647;
			files = (
				01380894248C6C6C003A9ECF /* LoginViewController.swift in Sources */,
				015041D124B28497005F4B15 /* UserViewController.swift in Sources */,
				01380890248C6C5D003A9ECF /* SignUpViewController.swift in Sources */,
				01FE2A6F248C699F005D5750 /* macroplateUITests.swift in Sources */,
				015041D524B28D37005F4B15 /* standardButton.swift in Sources */,
				01C30CFA248C703500CD40F6 /* Utilities.swift in Sources */,
				0138088C248C6C46003A9ECF /* HomeViewController.swift in Sources */,
				0194EE942495222A00152EE0 /* customalbum.swift in Sources */,
				01F55F99248C843F00104DAB /* Constants.swift in Sources */,
				01983B4D24C0BDD900882883 /* ImageViewController.swift in Sources */,
				01FDDDAB24CCD00C0032C23D /* MealsViewController.swift in Sources */,
				01011F2E24BB81810077534B /* ConfirmationViewController.swift in Sources */,
				015041D924B4CC5D005F4B15 /* UserButton.swift in Sources */,
				01FDDDB024CCD32B0032C23D /* PostCell.swift in Sources */,
			);
			runOnlyForDeploymentPostprocessing = 0;
		};
/* End PBXSourcesBuildPhase section */

/* Begin PBXTargetDependency section */
		01FE2A61248C699F005D5750 /* PBXTargetDependency */ = {
			isa = PBXTargetDependency;
			target = 01FE2A48248C699E005D5750 /* macroplate */;
			targetProxy = 01FE2A60248C699F005D5750 /* PBXContainerItemProxy */;
		};
		01FE2A6C248C699F005D5750 /* PBXTargetDependency */ = {
			isa = PBXTargetDependency;
			target = 01FE2A48248C699E005D5750 /* macroplate */;
			targetProxy = 01FE2A6B248C699F005D5750 /* PBXContainerItemProxy */;
		};
/* End PBXTargetDependency section */

/* Begin PBXVariantGroup section */
		01FE2A52248C699E005D5750 /* Main.storyboard */ = {
			isa = PBXVariantGroup;
			children = (
				01FE2A53248C699E005D5750 /* Base */,
			);
			name = Main.storyboard;
			sourceTree = "<group>";
		};
		01FE2A57248C699F005D5750 /* LaunchScreen.storyboard */ = {
			isa = PBXVariantGroup;
			children = (
				01FE2A58248C699F005D5750 /* Base */,
			);
			name = LaunchScreen.storyboard;
			sourceTree = "<group>";
		};
/* End PBXVariantGroup section */

/* Begin XCBuildConfiguration section */
		01FE2A71248C699F005D5750 /* Debug */ = {
			isa = XCBuildConfiguration;
			buildSettings = {
				ALWAYS_SEARCH_USER_PATHS = NO;
				CLANG_ANALYZER_NONNULL = YES;
				CLANG_ANALYZER_NUMBER_OBJECT_CONVERSION = YES_AGGRESSIVE;
				CLANG_CXX_LANGUAGE_STANDARD = "gnu++14";
				CLANG_CXX_LIBRARY = "libc++";
				CLANG_ENABLE_MODULES = YES;
				CLANG_ENABLE_OBJC_ARC = YES;
				CLANG_ENABLE_OBJC_WEAK = YES;
				CLANG_WARN_BLOCK_CAPTURE_AUTORELEASING = YES;
				CLANG_WARN_BOOL_CONVERSION = YES;
				CLANG_WARN_COMMA = YES;
				CLANG_WARN_CONSTANT_CONVERSION = YES;
				CLANG_WARN_DEPRECATED_OBJC_IMPLEMENTATIONS = YES;
				CLANG_WARN_DIRECT_OBJC_ISA_USAGE = YES_ERROR;
				CLANG_WARN_DOCUMENTATION_COMMENTS = YES;
				CLANG_WARN_EMPTY_BODY = YES;
				CLANG_WARN_ENUM_CONVERSION = YES;
				CLANG_WARN_INFINITE_RECURSION = YES;
				CLANG_WARN_INT_CONVERSION = YES;
				CLANG_WARN_NON_LITERAL_NULL_CONVERSION = YES;
				CLANG_WARN_OBJC_IMPLICIT_RETAIN_SELF = YES;
				CLANG_WARN_OBJC_LITERAL_CONVERSION = YES;
				CLANG_WARN_OBJC_ROOT_CLASS = YES_ERROR;
				CLANG_WARN_RANGE_LOOP_ANALYSIS = YES;
				CLANG_WARN_STRICT_PROTOTYPES = YES;
				CLANG_WARN_SUSPICIOUS_MOVE = YES;
				CLANG_WARN_UNGUARDED_AVAILABILITY = YES_AGGRESSIVE;
				CLANG_WARN_UNREACHABLE_CODE = YES;
				CLANG_WARN__DUPLICATE_METHOD_MATCH = YES;
				COPY_PHASE_STRIP = NO;
				DEBUG_INFORMATION_FORMAT = dwarf;
				ENABLE_STRICT_OBJC_MSGSEND = YES;
				ENABLE_TESTABILITY = YES;
				GCC_C_LANGUAGE_STANDARD = gnu11;
				GCC_DYNAMIC_NO_PIC = NO;
				GCC_NO_COMMON_BLOCKS = YES;
				GCC_OPTIMIZATION_LEVEL = 0;
				GCC_PREPROCESSOR_DEFINITIONS = (
					"DEBUG=1",
					"$(inherited)",
				);
				GCC_WARN_64_TO_32_BIT_CONVERSION = YES;
				GCC_WARN_ABOUT_RETURN_TYPE = YES_ERROR;
				GCC_WARN_UNDECLARED_SELECTOR = YES;
				GCC_WARN_UNINITIALIZED_AUTOS = YES_AGGRESSIVE;
				GCC_WARN_UNUSED_FUNCTION = YES;
				GCC_WARN_UNUSED_VARIABLE = YES;
				IPHONEOS_DEPLOYMENT_TARGET = 13.5;
				MTL_ENABLE_DEBUG_INFO = INCLUDE_SOURCE;
				MTL_FAST_MATH = YES;
				ONLY_ACTIVE_ARCH = YES;
				SDKROOT = iphoneos;
				SWIFT_ACTIVE_COMPILATION_CONDITIONS = DEBUG;
				SWIFT_OPTIMIZATION_LEVEL = "-Onone";
			};
			name = Debug;
		};
		01FE2A72248C699F005D5750 /* Release */ = {
			isa = XCBuildConfiguration;
			buildSettings = {
				ALWAYS_SEARCH_USER_PATHS = NO;
				CLANG_ANALYZER_NONNULL = YES;
				CLANG_ANALYZER_NUMBER_OBJECT_CONVERSION = YES_AGGRESSIVE;
				CLANG_CXX_LANGUAGE_STANDARD = "gnu++14";
				CLANG_CXX_LIBRARY = "libc++";
				CLANG_ENABLE_MODULES = YES;
				CLANG_ENABLE_OBJC_ARC = YES;
				CLANG_ENABLE_OBJC_WEAK = YES;
				CLANG_WARN_BLOCK_CAPTURE_AUTORELEASING = YES;
				CLANG_WARN_BOOL_CONVERSION = YES;
				CLANG_WARN_COMMA = YES;
				CLANG_WARN_CONSTANT_CONVERSION = YES;
				CLANG_WARN_DEPRECATED_OBJC_IMPLEMENTATIONS = YES;
				CLANG_WARN_DIRECT_OBJC_ISA_USAGE = YES_ERROR;
				CLANG_WARN_DOCUMENTATION_COMMENTS = YES;
				CLANG_WARN_EMPTY_BODY = YES;
				CLANG_WARN_ENUM_CONVERSION = YES;
				CLANG_WARN_INFINITE_RECURSION = YES;
				CLANG_WARN_INT_CONVERSION = YES;
				CLANG_WARN_NON_LITERAL_NULL_CONVERSION = YES;
				CLANG_WARN_OBJC_IMPLICIT_RETAIN_SELF = YES;
				CLANG_WARN_OBJC_LITERAL_CONVERSION = YES;
				CLANG_WARN_OBJC_ROOT_CLASS = YES_ERROR;
				CLANG_WARN_RANGE_LOOP_ANALYSIS = YES;
				CLANG_WARN_STRICT_PROTOTYPES = YES;
				CLANG_WARN_SUSPICIOUS_MOVE = YES;
				CLANG_WARN_UNGUARDED_AVAILABILITY = YES_AGGRESSIVE;
				CLANG_WARN_UNREACHABLE_CODE = YES;
				CLANG_WARN__DUPLICATE_METHOD_MATCH = YES;
				COPY_PHASE_STRIP = NO;
				DEBUG_INFORMATION_FORMAT = "dwarf-with-dsym";
				ENABLE_NS_ASSERTIONS = NO;
				ENABLE_STRICT_OBJC_MSGSEND = YES;
				GCC_C_LANGUAGE_STANDARD = gnu11;
				GCC_NO_COMMON_BLOCKS = YES;
				GCC_WARN_64_TO_32_BIT_CONVERSION = YES;
				GCC_WARN_ABOUT_RETURN_TYPE = YES_ERROR;
				GCC_WARN_UNDECLARED_SELECTOR = YES;
				GCC_WARN_UNINITIALIZED_AUTOS = YES_AGGRESSIVE;
				GCC_WARN_UNUSED_FUNCTION = YES;
				GCC_WARN_UNUSED_VARIABLE = YES;
				IPHONEOS_DEPLOYMENT_TARGET = 13.5;
				MTL_ENABLE_DEBUG_INFO = NO;
				MTL_FAST_MATH = YES;
				SDKROOT = iphoneos;
				SWIFT_COMPILATION_MODE = wholemodule;
				SWIFT_OPTIMIZATION_LEVEL = "-O";
				VALIDATE_PRODUCT = YES;
			};
			name = Release;
		};
		01FE2A74248C699F005D5750 /* Debug */ = {
			isa = XCBuildConfiguration;
			baseConfigurationReference = F475E2B296230FCE243441E9 /* Pods-macroplate.debug.xcconfig */;
			buildSettings = {
				ASSETCATALOG_COMPILER_APPICON_NAME = AppIcon;
				CODE_SIGN_ENTITLEMENTS = macroplate/macroplate.entitlements;
				CODE_SIGN_STYLE = Automatic;
				CURRENT_PROJECT_VERSION = 1.1.2;
				DEVELOPMENT_TEAM = G8Y7XBA9M8;
				INFOPLIST_FILE = macroplate/Info.plist;
				IPHONEOS_DEPLOYMENT_TARGET = 13.0;
				LD_RUNPATH_SEARCH_PATHS = (
					"$(inherited)",
					"@executable_path/Frameworks",
				);
				MARKETING_VERSION = 1.0;
				PRODUCT_BUNDLE_IDENTIFIER = com.FlowasteLLC.platemate;
				PRODUCT_NAME = platemate;
				SWIFT_VERSION = 5.0;
				TARGETED_DEVICE_FAMILY = "1,2";
			};
			name = Debug;
		};
		01FE2A75248C699F005D5750 /* Release */ = {
			isa = XCBuildConfiguration;
			baseConfigurationReference = 330D06C81FEF543C69D9D200 /* Pods-macroplate.release.xcconfig */;
			buildSettings = {
				ASSETCATALOG_COMPILER_APPICON_NAME = AppIcon;
				CODE_SIGN_ENTITLEMENTS = macroplate/macroplate.entitlements;
				CODE_SIGN_STYLE = Automatic;
				CURRENT_PROJECT_VERSION = 1.1.2;
				DEVELOPMENT_TEAM = G8Y7XBA9M8;
				INFOPLIST_FILE = macroplate/Info.plist;
				IPHONEOS_DEPLOYMENT_TARGET = 13.0;
				LD_RUNPATH_SEARCH_PATHS = (
					"$(inherited)",
					"@executable_path/Frameworks",
				);
				MARKETING_VERSION = 1.0;
				PRODUCT_BUNDLE_IDENTIFIER = com.FlowasteLLC.platemate;
				PRODUCT_NAME = platemate;
				SWIFT_VERSION = 5.0;
				TARGETED_DEVICE_FAMILY = "1,2";
			};
			name = Release;
		};
		01FE2A77248C699F005D5750 /* Debug */ = {
			isa = XCBuildConfiguration;
			baseConfigurationReference = 32570880911E43390EF07F90 /* Pods-macroplateTests.debug.xcconfig */;
			buildSettings = {
				ALWAYS_EMBED_SWIFT_STANDARD_LIBRARIES = YES;
				BUNDLE_LOADER = "$(TEST_HOST)";
				CODE_SIGN_STYLE = Automatic;
				DEVELOPMENT_TEAM = BT9643U669;
				INFOPLIST_FILE = macroplateTests/Info.plist;
				IPHONEOS_DEPLOYMENT_TARGET = 13.5;
				LD_RUNPATH_SEARCH_PATHS = (
					"$(inherited)",
					"@executable_path/Frameworks",
					"@loader_path/Frameworks",
				);
				PRODUCT_BUNDLE_IDENTIFIER = com.eliseweimholt.macroplateTests;
				PRODUCT_NAME = "$(TARGET_NAME)";
				SWIFT_VERSION = 5.0;
				TARGETED_DEVICE_FAMILY = "1,2";
				TEST_HOST = "$(BUILT_PRODUCTS_DIR)/macroplate.app/macroplate";
			};
			name = Debug;
		};
		01FE2A78248C699F005D5750 /* Release */ = {
			isa = XCBuildConfiguration;
			baseConfigurationReference = 29473639E1F6C642D4A8CFB4 /* Pods-macroplateTests.release.xcconfig */;
			buildSettings = {
				ALWAYS_EMBED_SWIFT_STANDARD_LIBRARIES = YES;
				BUNDLE_LOADER = "$(TEST_HOST)";
				CODE_SIGN_STYLE = Automatic;
				DEVELOPMENT_TEAM = BT9643U669;
				INFOPLIST_FILE = macroplateTests/Info.plist;
				IPHONEOS_DEPLOYMENT_TARGET = 13.5;
				LD_RUNPATH_SEARCH_PATHS = (
					"$(inherited)",
					"@executable_path/Frameworks",
					"@loader_path/Frameworks",
				);
				PRODUCT_BUNDLE_IDENTIFIER = com.eliseweimholt.macroplateTests;
				PRODUCT_NAME = "$(TARGET_NAME)";
				SWIFT_VERSION = 5.0;
				TARGETED_DEVICE_FAMILY = "1,2";
				TEST_HOST = "$(BUILT_PRODUCTS_DIR)/macroplate.app/macroplate";
			};
			name = Release;
		};
		01FE2A7A248C699F005D5750 /* Debug */ = {
			isa = XCBuildConfiguration;
			baseConfigurationReference = 7AD35AA160AB061B00E69646 /* Pods-macroplate-macroplateUITests.debug.xcconfig */;
			buildSettings = {
				ALWAYS_EMBED_SWIFT_STANDARD_LIBRARIES = YES;
				CODE_SIGN_STYLE = Automatic;
				DEVELOPMENT_TEAM = BT9643U669;
				INFOPLIST_FILE = macroplateUITests/Info.plist;
				LD_RUNPATH_SEARCH_PATHS = (
					"$(inherited)",
					"@executable_path/Frameworks",
					"@loader_path/Frameworks",
				);
				PRODUCT_BUNDLE_IDENTIFIER = com.eliseweimholt.macroplateUITests;
				PRODUCT_NAME = "$(TARGET_NAME)";
				SWIFT_VERSION = 5.0;
				TARGETED_DEVICE_FAMILY = "1,2";
				TEST_TARGET_NAME = macroplate;
			};
			name = Debug;
		};
		01FE2A7B248C699F005D5750 /* Release */ = {
			isa = XCBuildConfiguration;
			baseConfigurationReference = 4AF6AEB394C1C314C5F39736 /* Pods-macroplate-macroplateUITests.release.xcconfig */;
			buildSettings = {
				ALWAYS_EMBED_SWIFT_STANDARD_LIBRARIES = YES;
				CODE_SIGN_STYLE = Automatic;
				DEVELOPMENT_TEAM = BT9643U669;
				INFOPLIST_FILE = macroplateUITests/Info.plist;
				LD_RUNPATH_SEARCH_PATHS = (
					"$(inherited)",
					"@executable_path/Frameworks",
					"@loader_path/Frameworks",
				);
				PRODUCT_BUNDLE_IDENTIFIER = com.eliseweimholt.macroplateUITests;
				PRODUCT_NAME = "$(TARGET_NAME)";
				SWIFT_VERSION = 5.0;
				TARGETED_DEVICE_FAMILY = "1,2";
				TEST_TARGET_NAME = macroplate;
			};
			name = Release;
		};
/* End XCBuildConfiguration section */

/* Begin XCConfigurationList section */
		01FE2A44248C699E005D5750 /* Build configuration list for PBXProject "macroplate" */ = {
			isa = XCConfigurationList;
			buildConfigurations = (
				01FE2A71248C699F005D5750 /* Debug */,
				01FE2A72248C699F005D5750 /* Release */,
			);
			defaultConfigurationIsVisible = 0;
			defaultConfigurationName = Release;
		};
		01FE2A73248C699F005D5750 /* Build configuration list for PBXNativeTarget "macroplate" */ = {
			isa = XCConfigurationList;
			buildConfigurations = (
				01FE2A74248C699F005D5750 /* Debug */,
				01FE2A75248C699F005D5750 /* Release */,
			);
			defaultConfigurationIsVisible = 0;
			defaultConfigurationName = Release;
		};
		01FE2A76248C699F005D5750 /* Build configuration list for PBXNativeTarget "macroplateTests" */ = {
			isa = XCConfigurationList;
			buildConfigurations = (
				01FE2A77248C699F005D5750 /* Debug */,
				01FE2A78248C699F005D5750 /* Release */,
			);
			defaultConfigurationIsVisible = 0;
			defaultConfigurationName = Release;
		};
		01FE2A79248C699F005D5750 /* Build configuration list for PBXNativeTarget "macroplateUITests" */ = {
			isa = XCConfigurationList;
			buildConfigurations = (
				01FE2A7A248C699F005D5750 /* Debug */,
				01FE2A7B248C699F005D5750 /* Release */,
			);
			defaultConfigurationIsVisible = 0;
			defaultConfigurationName = Release;
		};
/* End XCConfigurationList section */
	};
	rootObject = 01FE2A41248C699E005D5750 /* Project object */;
}
